<?xml version="1.0" encoding="utf-8"?>
<Project ToolsVersion="4.0" xmlns="http://schemas.microsoft.com/developer/msbuild/2003">
  <ItemGroup>
    <Filter Include="Source Files">
      <UniqueIdentifier>{4FC737F1-C7A5-4376-A066-2A32D752A2FF}</UniqueIdentifier>
      <Extensions>cpp;c;cc;cxx;c++;cppm;ixx;def;odl;idl;hpj;bat;asm;asmx</Extensions>
    </Filter>
    <Filter Include="Header Files">
      <UniqueIdentifier>{93995380-89BD-4b04-88EB-625FBE52EBFB}</UniqueIdentifier>
      <Extensions>h;hh;hpp;hxx;h++;hm;inl;inc;ipp;xsd</Extensions>
    </Filter>
    <Filter Include="Resource Files">
      <UniqueIdentifier>{67DA6AB6-F800-4c08-8B7A-83BB121AAD01}</UniqueIdentifier>
      <Extensions>rc;ico;cur;bmp;dlg;rc2;rct;bin;rgs;gif;jpg;jpeg;jpe;resx;tiff;tif;png;wav;mfcribbon-ms</Extensions>
    </Filter>
  </ItemGroup>
  <ItemGroup>
    <ClInclude Include="..\new\All.h">
      <Filter>Header Files</Filter>
    </ClInclude>
    <ClInclude Include="..\new\Background.h">
      <Filter>Header Files</Filter>
    </ClInclude>
    <ClInclude Include="..\new\BucketheadZombie.h">
      <Filter>Header Files</Filter>
    </ClInclude>
    <ClInclude Include="..\new\CardScreen.h">
      <Filter>Header Files</Filter>
    </ClInclude>
    <ClInclude Include="..\new\CherryBomb.h">
      <Filter>Header Files</Filter>
    </ClInclude>
    <ClInclude Include="..\new\ConeheadZombie.h">
      <Filter>Header Files</Filter>
    </ClInclude>
    <ClInclude Include="..\new\DancingZombie.h">
      <Filter>Header Files</Filter>
    </ClInclude>
    <ClInclude Include="..\new\FootballZombie.h">
      <Filter>Header Files</Filter>
    </ClInclude>
    <ClInclude Include="..\new\Game.h">
      <Filter>Header Files</Filter>
    </ClInclude>
    <ClInclude Include="..\new\general.h">
      <Filter>Header Files</Filter>
    </ClInclude>
    <ClInclude Include="..\new\Grid.h">
      <Filter>Header Files</Filter>
    </ClInclude>
    <ClInclude Include="..\new\LawnMower.h">
      <Filter>Header Files</Filter>
    </ClInclude>
    <ClInclude Include="..\new\Levels.h">
      <Filter>Header Files</Filter>
    </ClInclude>
    <ClInclude Include="..\new\Menu.h">
      <Filter>Header Files</Filter>
    </ClInclude>
    <ClInclude Include="..\new\Pea.h">
      <Filter>Header Files</Filter>
    </ClInclude>
    <ClInclude Include="..\new\PeaShooter.h">
      <Filter>Header Files</Filter>
    </ClInclude>
    <ClInclude Include="..\new\PlantFactory.h">
      <Filter>Header Files</Filter>
    </ClInclude>
    <ClInclude Include="..\new\Plants.h">
      <Filter>Header Files</Filter>
    </ClInclude>
    <ClInclude Include="..\new\Position.h">
      <Filter>Header Files</Filter>
    </ClInclude>
    <ClInclude Include="..\new\RePeater.h">
      <Filter>Header Files</Filter>
    </ClInclude>
    <ClInclude Include="..\new\ShootingPlants.h">
      <Filter>Header Files</Filter>
    </ClInclude>
    <ClInclude Include="..\new\SimpleZombie.h">
      <Filter>Header Files</Filter>
    </ClInclude>
    <ClInclude Include="..\new\SnowPea.h">
      <Filter>Header Files</Filter>
    </ClInclude>
    <ClInclude Include="..\new\SunFlower.h">
      <Filter>Header Files</Filter>
    </ClInclude>
    <ClInclude Include="..\new\Wallnut.h">
      <Filter>Header Files</Filter>
    </ClInclude>
    <ClInclude Include="..\new\ZombieFactory.h">
      <Filter>Header Files</Filter>
    </ClInclude>
    <ClInclude Include="..\new\Zombies.h">
      <Filter>Header Files</Filter>
    </ClInclude>
  </ItemGroup>
  <ItemGroup>
    <ClCompile Include="..\new\Background.cpp">
      <Filter>Source Files</Filter>
    </ClCompile>
    <ClCompile Include="..\new\BucketheadZombie.cpp">
      <Filter>Source Files</Filter>
    </ClCompile>
    <ClCompile Include="..\new\CardScreen.cpp">
      <Filter>Source Files</Filter>
    </ClCompile>
    <ClCompile Include="..\new\CherryBomb.cpp">
      <Filter>Source Files</Filter>
    </ClCompile>
    <ClCompile Include="..\new\ConeheadZombie.cpp">
      <Filter>Source Files</Filter>
    </ClCompile>
    <ClCompile Include="..\new\DancingZombie.cpp">
      <Filter>Source Files</Filter>
    </ClCompile>
    <ClCompile Include="..\new\FootballZombie.cpp">
      <Filter>Source Files</Filter>
    </ClCompile>
    <ClCompile Include="..\new\game.cpp">
      <Filter>Source Files</Filter>
    </ClCompile>
    <ClCompile Include="..\new\LawnMower.cpp">
      <Filter>Source Files</Filter>
    </ClCompile>
    <ClCompile Include="..\new\Levels.cpp">
      <Filter>Source Files</Filter>
    </ClCompile>
    <ClCompile Include="..\new\Menu.cpp">
      <Filter>Source Files</Filter>
    </ClCompile>
    <ClCompile Include="..\new\Pea.cpp">
      <Filter>Source Files</Filter>
    </ClCompile>
    <ClCompile Include="..\new\PeaShooter.cpp">
      <Filter>Source Files</Filter>
    </ClCompile>
    <ClCompile Include="..\new\PlantFactory.cpp">
      <Filter>Source Files</Filter>
    </ClCompile>
    <ClCompile Include="..\new\Plants.cpp">
      <Filter>Source Files</Filter>
    </ClCompile>
    <ClCompile Include="..\new\RePeater.cpp">
      <Filter>Source Files</Filter>
    </ClCompile>
    <ClCompile Include="..\new\ShootingPlants.cpp">
      <Filter>Source Files</Filter>
    </ClCompile>
    <ClCompile Include="..\new\SimpleZombie.cpp">
      <Filter>Source Files</Filter>
    </ClCompile>
    <ClCompile Include="..\new\SnowPea.cpp">
      <Filter>Source Files</Filter>
    </ClCompile>
    <ClCompile Include="..\new\SunFlower.cpp">
      <Filter>Source Files</Filter>
    </ClCompile>
    <ClCompile Include="..\new\Wallnut.cpp">
      <Filter>Source Files</Filter>
    </ClCompile>
    <ClCompile Include="..\new\ZombieFactory.cpp">
      <Filter>Source Files</Filter>
    </ClCompile>
    <ClCompile Include="..\new\Zombies.cpp">
      <Filter>Source Files</Filter>
    </ClCompile>
  </ItemGroup>
</Project>